
Microsoft Visual Studio Solution File, Format Version 12.00
# Visual Studio Version 17
Project("{8BC9CEB8-8B4A-11D0-8D11-00A0C91BC942}") = "ALL_BUILD", "ALL_BUILD.vcxproj", "{13B3E62F-33ED-3AF1-8A96-48DE927EA602}"
	ProjectSection(ProjectDependencies) = postProject
		{726764C5-760B-3E7B-96CA-07A4B4AFA96A} = {726764C5-760B-3E7B-96CA-07A4B4AFA96A}
		{B66B3FB4-EC16-3868-A46B-9855520F5950} = {B66B3FB4-EC16-3868-A46B-9855520F5950}
	EndProjectSection
EndProject
Project("{8BC9CEB8-8B4A-11D0-8D11-00A0C91BC942}") = "JoustManager", "JoustManager.vcxproj", "{726764C5-760B-3E7B-96CA-07A4B4AFA96A}"
	ProjectSection(ProjectDependencies) = postProject
		{B66B3FB4-EC16-3868-A46B-9855520F5950} = {B66B3FB4-EC16-3868-A46B-9855520F5950}
	EndProjectSection
EndProject
Project("{8BC9CEB8-8B4A-11D0-8D11-00A0C91BC942}") = "ZERO_CHECK", "ZERO_CHECK.vcxproj", "{B66B3FB4-EC16-3868-A46B-9855520F5950}"
	ProjectSection(ProjectDependencies) = postProject
	EndProjectSection
EndProject
Global
	GlobalSection(SolutionConfigurationPlatforms) = preSolution
		Debug|x64 = Debug|x64
		Release|x64 = Release|x64
		MinSizeRel|x64 = MinSizeRel|x64
		RelWithDebInfo|x64 = RelWithDebInfo|x64
	EndGlobalSection
	GlobalSection(ProjectConfigurationPlatforms) = postSolution
		{13B3E62F-33ED-3AF1-8A96-48DE927EA602}.Debug|x64.ActiveCfg = Debug|x64
		{13B3E62F-33ED-3AF1-8A96-48DE927EA602}.Release|x64.ActiveCfg = Release|x64
		{13B3E62F-33ED-3AF1-8A96-48DE927EA602}.MinSizeRel|x64.ActiveCfg = MinSizeRel|x64
		{13B3E62F-33ED-3AF1-8A96-48DE927EA602}.RelWithDebInfo|x64.ActiveCfg = RelWithDebInfo|x64
		{726764C5-760B-3E7B-96CA-07A4B4AFA96A}.Debug|x64.ActiveCfg = Debug|x64
		{726764C5-760B-3E7B-96CA-07A4B4AFA96A}.Debug|x64.Build.0 = Debug|x64
		{726764C5-760B-3E7B-96CA-07A4B4AFA96A}.Release|x64.ActiveCfg = Release|x64
		{726764C5-760B-3E7B-96CA-07A4B4AFA96A}.Release|x64.Build.0 = Release|x64
		{726764C5-760B-3E7B-96CA-07A4B4AFA96A}.MinSizeRel|x64.ActiveCfg = MinSizeRel|x64
		{726764C5-760B-3E7B-96CA-07A4B4AFA96A}.MinSizeRel|x64.Build.0 = MinSizeRel|x64
		{726764C5-760B-3E7B-96CA-07A4B4AFA96A}.RelWithDebInfo|x64.ActiveCfg = RelWithDebInfo|x64
		{726764C5-760B-3E7B-96CA-07A4B4AFA96A}.RelWithDebInfo|x64.Build.0 = RelWithDebInfo|x64
		{B66B3FB4-EC16-3868-A46B-9855520F5950}.Debug|x64.ActiveCfg = Debug|x64
		{B66B3FB4-EC16-3868-A46B-9855520F5950}.Debug|x64.Build.0 = Debug|x64
		{B66B3FB4-EC16-3868-A46B-9855520F5950}.Release|x64.ActiveCfg = Release|x64
		{B66B3FB4-EC16-3868-A46B-9855520F5950}.Release|x64.Build.0 = Release|x64
		{B66B3FB4-EC16-3868-A46B-9855520F5950}.MinSizeRel|x64.ActiveCfg = MinSizeRel|x64
		{B66B3FB4-EC16-3868-A46B-9855520F5950}.MinSizeRel|x64.Build.0 = MinSizeRel|x64
		{B66B3FB4-EC16-3868-A46B-9855520F5950}.RelWithDebInfo|x64.ActiveCfg = RelWithDebInfo|x64
		{B66B3FB4-EC16-3868-A46B-9855520F5950}.RelWithDebInfo|x64.Build.0 = RelWithDebInfo|x64
	EndGlobalSection
	GlobalSection(ExtensibilityGlobals) = postSolution
		SolutionGuid = {6D16AD5E-6877-37E9-9CF9-F0B8875F7604}
	EndGlobalSection
	GlobalSection(ExtensibilityAddIns) = postSolution
	EndGlobalSection
EndGlobal
